
Microsoft Visual Studio Solution File, Format Version 12.00
# Visual Studio Version 16
VisualStudioVersion = 16.0.31105.61
MinimumVisualStudioVersion = 10.0.40219.1
Project("{FAE04EC0-301F-11D3-BF4B-00C04F79EFBC}") = "AssistenteQuimico", "AssistenteQuimico.csproj", "{B2AE0D98-9CF0-496A-9B20-E8BFFAE2C4F9}"
EndProject
Global
	GlobalSection(SolutionConfigurationPlatforms) = preSolution
		Debug|Any CPU = Debug|Any CPU
		Release|Any CPU = Release|Any CPU
	EndGlobalSection
	GlobalSection(ProjectConfigurationPlatforms) = postSolution
		{B2AE0D98-9CF0-496A-9B20-E8BFFAE2C4F9}.Debug|Any CPU.ActiveCfg = Debug|Any CPU
		{B2AE0D98-9CF0-496A-9B20-E8BFFAE2C4F9}.Debug|Any CPU.Build.0 = Debug|Any CPU
		{B2AE0D98-9CF0-496A-9B20-E8BFFAE2C4F9}.Release|Any CPU.ActiveCfg = Release|Any CPU
		{B2AE0D98-9CF0-496A-9B20-E8BFFAE2C4F9}.Release|Any CPU.Build.0 = Release|Any CPU
	EndGlobalSection
	GlobalSection(SolutionProperties) = preSolution
		HideSolutionNode = FALSE
	EndGlobalSection
	GlobalSection(ExtensibilityGlobals) = postSolution
		SolutionGuid = {F0CD8850-6124-4E75-8F14-6DC29C4622B8}
	EndGlobalSection
EndGlobal
